
Microsoft Visual Studio Solution File, Format Version 12.00
# Visual Studio Version 16
VisualStudioVersion = 16.0.29709.97
MinimumVisualStudioVersion = 10.0.40219.1
Project("{FAE04EC0-301F-11D3-BF4B-00C04F79EFBC}") = "Berrios_Deliverable2", "Berrios_Deliverable2.csproj", "{410EE7A1-8BB7-47F3-AD0C-98DDEEE2E2A1}"
EndProject
Global
	GlobalSection(SolutionConfigurationPlatforms) = preSolution
		Debug|Any CPU = Debug|Any CPU
		Release|Any CPU = Release|Any CPU
	EndGlobalSection
	GlobalSection(ProjectConfigurationPlatforms) = postSolution
		{410EE7A1-8BB7-47F3-AD0C-98DDEEE2E2A1}.Debug|Any CPU.ActiveCfg = Debug|Any CPU
		{410EE7A1-8BB7-47F3-AD0C-98DDEEE2E2A1}.Debug|Any CPU.Build.0 = Debug|Any CPU
		{410EE7A1-8BB7-47F3-AD0C-98DDEEE2E2A1}.Release|Any CPU.ActiveCfg = Release|Any CPU
		{410EE7A1-8BB7-47F3-AD0C-98DDEEE2E2A1}.Release|Any CPU.Build.0 = Release|Any CPU
	EndGlobalSection
	GlobalSection(SolutionProperties) = preSolution
		HideSolutionNode = FALSE
	EndGlobalSection
	GlobalSection(ExtensibilityGlobals) = postSolution
		SolutionGuid = {38B3C550-5D40-425F-91C0-0C2E238E168C}
	EndGlobalSection
EndGlobal
